
Microsoft Visual Studio Solution File, Format Version 12.00
# Visual Studio Version 17
VisualStudioVersion = 17.0.31903.59
MinimumVisualStudioVersion = 10.0.40219.1
Project("{2150E333-8FDC-42A3-9474-1A3956D46DE8}") = "src", "src", "{02EA681E-C7D8-13C7-8484-4AC65E1B71E8}"
EndProject
Project("{2150E333-8FDC-42A3-9474-1A3956D46DE8}") = "tests", "tests", "{9CB326B2-357F-472B-9C75-D7DFDD144715}"
EndProject
Project("{FAE04EC0-301F-11D3-BF4B-00C04F79EFBC}") = "LabApi", "src\LabApi\LabApi.csproj", "{6BDE90FB-45C7-1C2A-C3F8-73BD9BC60CD0}"
EndProject
Project("{FAE04EC0-301F-11D3-BF4B-00C04F79EFBC}") = "LabApi.Unit", "tests\LabApi.Unit\LabApi.Unit.csproj", "{786C1E15-BF6C-4042-AFDC-0B14C3993E6A}"
EndProject
Global
	GlobalSection(SolutionConfigurationPlatforms) = preSolution
		Debug|Any CPU = Debug|Any CPU
		Release|Any CPU = Release|Any CPU
	EndGlobalSection
	GlobalSection(ProjectConfigurationPlatforms) = postSolution
		{6BDE90FB-45C7-1C2A-C3F8-73BD9BC60CD0}.Debug|Any CPU.ActiveCfg = Debug|Any CPU
		{6BDE90FB-45C7-1C2A-C3F8-73BD9BC60CD0}.Debug|Any CPU.Build.0 = Debug|Any CPU
		{6BDE90FB-45C7-1C2A-C3F8-73BD9BC60CD0}.Release|Any CPU.ActiveCfg = Release|Any CPU
		{6BDE90FB-45C7-1C2A-C3F8-73BD9BC60CD0}.Release|Any CPU.Build.0 = Release|Any CPU
		{786C1E15-BF6C-4042-AFDC-0B14C3993E6A}.Debug|Any CPU.ActiveCfg = Debug|Any CPU
		{786C1E15-BF6C-4042-AFDC-0B14C3993E6A}.Debug|Any CPU.Build.0 = Debug|Any CPU
		{786C1E15-BF6C-4042-AFDC-0B14C3993E6A}.Release|Any CPU.ActiveCfg = Release|Any CPU
		{786C1E15-BF6C-4042-AFDC-0B14C3993E6A}.Release|Any CPU.Build.0 = Release|Any CPU
	EndGlobalSection
	GlobalSection(SolutionProperties) = preSolution
		HideSolutionNode = FALSE
	EndGlobalSection
	GlobalSection(NestedProjects) = preSolution
		{6BDE90FB-45C7-1C2A-C3F8-73BD9BC60CD0} = {02EA681E-C7D8-13C7-8484-4AC65E1B71E8}
		{786C1E15-BF6C-4042-AFDC-0B14C3993E6A} = {9CB326B2-357F-472B-9C75-D7DFDD144715}
	EndGlobalSection
	GlobalSection(ExtensibilityGlobals) = postSolution
		SolutionGuid = {A1CCB52F-6797-45B7-8D05-D854B1BFDEB5}
	EndGlobalSection
EndGlobal
